// !$*UTF8*$!
{
	archiveVersion = 1;
	classes = {
	};
	objectVersion = 50;
	objects = {

/* Begin PBXBuildFile section */
		382AAAB0211E5C4A007F7FC5 /* AppDelegate.swift in Sources */ = {isa = PBXBuildFile; fileRef = 382AAAAF211E5C4A007F7FC5 /* AppDelegate.swift */; };
		382AAAB2211E5C4A007F7FC5 /* MainVC.swift in Sources */ = {isa = PBXBuildFile; fileRef = 382AAAB1211E5C4A007F7FC5 /* MainVC.swift */; };
		382AAAB5211E5C4A007F7FC5 /* Main.storyboard in Resources */ = {isa = PBXBuildFile; fileRef = 382AAAB3211E5C4A007F7FC5 /* Main.storyboard */; };
		382AAABA211E5C4B007F7FC5 /* LaunchScreen.storyboard in Resources */ = {isa = PBXBuildFile; fileRef = 382AAAB8211E5C4B007F7FC5 /* LaunchScreen.storyboard */; };
		382AAAC2211F8489007F7FC5 /* Assets.xcassets in Resources */ = {isa = PBXBuildFile; fileRef = 382AAAC1211F8489007F7FC5 /* Assets.xcassets */; };
		382AAAC6211F8658007F7FC5 /* CurrencyTextField.swift in Sources */ = {isa = PBXBuildFile; fileRef = 382AAAC5211F8658007F7FC5 /* CurrencyTextField.swift */; };
		382AAACE211F9E99007F7FC5 /* Window_ShopperTests.swift in Sources */ = {isa = PBXBuildFile; fileRef = 382AAACD211F9E99007F7FC5 /* Window_ShopperTests.swift */; };
		382AAAD7211F9EBE007F7FC5 /* Wage.swift in Sources */ = {isa = PBXBuildFile; fileRef = 382AAAD6211F9EBD007F7FC5 /* Wage.swift */; };
		382AAAD8211F9FF5007F7FC5 /* Wage.swift in Sources */ = {isa = PBXBuildFile; fileRef = 382AAAD6211F9EBD007F7FC5 /* Wage.swift */; };
/* End PBXBuildFile section */

/* Begin PBXContainerItemProxy section */
		382AAAD0211F9E9A007F7FC5 /* PBXContainerItemProxy */ = {
			isa = PBXContainerItemProxy;
			containerPortal = 382AAAA4211E5C4A007F7FC5 /* Project object */;
			proxyType = 1;
			remoteGlobalIDString = 382AAAAB211E5C4A007F7FC5;
			remoteInfo = "Window Shopper";
		};
/* End PBXContainerItemProxy section */

/* Begin PBXFileReference section */
		382AAAAC211E5C4A007F7FC5 /* Window Shopper.app */ = {isa = PBXFileReference; explicitFileType = wrapper.application; includeInIndex = 0; path = "Window Shopper.app"; sourceTree = BUILT_PRODUCTS_DIR; };
		382AAAAF211E5C4A007F7FC5 /* AppDelegate.swift */ = {isa = PBXFileReference; lastKnownFileType = sourcecode.swift; path = AppDelegate.swift; sourceTree = "<group>"; };
		382AAAB1211E5C4A007F7FC5 /* MainVC.swift */ = {isa = PBXFileReference; lastKnownFileType = sourcecode.swift; path = MainVC.swift; sourceTree = "<group>"; };
		382AAAB4211E5C4A007F7FC5 /* Base */ = {isa = PBXFileReference; lastKnownFileType = file.storyboard; name = Base; path = Base.lproj/Main.storyboard; sourceTree = "<group>"; };
		382AAAB9211E5C4B007F7FC5 /* Base */ = {isa = PBXFileReference; lastKnownFileType = file.storyboard; name = Base; path = Base.lproj/LaunchScreen.storyboard; sourceTree = "<group>"; };
		382AAABB211E5C4B007F7FC5 /* Info.plist */ = {isa = PBXFileReference; lastKnownFileType = text.plist.xml; path = Info.plist; sourceTree = "<group>"; };
		382AAAC1211F8489007F7FC5 /* Assets.xcassets */ = {isa = PBXFileReference; lastKnownFileType = folder.assetcatalog; path = Assets.xcassets; sourceTree = "<group>"; };
		382AAAC5211F8658007F7FC5 /* CurrencyTextField.swift */ = {isa = PBXFileReference; lastKnownFileType = sourcecode.swift; path = CurrencyTextField.swift; sourceTree = "<group>"; };
		382AAACB211F9E99007F7FC5 /* Window ShopperTests.xctest */ = {isa = PBXFileReference; explicitFileType = wrapper.cfbundle; includeInIndex = 0; path = "Window ShopperTests.xctest"; sourceTree = BUILT_PRODUCTS_DIR; };
		382AAACD211F9E99007F7FC5 /* Window_ShopperTests.swift */ = {isa = PBXFileReference; lastKnownFileType = sourcecode.swift; path = Window_ShopperTests.swift; sourceTree = "<group>"; };
		382AAACF211F9E9A007F7FC5 /* Info.plist */ = {isa = PBXFileReference; lastKnownFileType = text.plist.xml; path = Info.plist; sourceTree = "<group>"; };
		382AAAD6211F9EBD007F7FC5 /* Wage.swift */ = {isa = PBXFileReference; lastKnownFileType = sourcecode.swift; path = Wage.swift; sourceTree = "<group>"; };
/* End PBXFileReference section */

/* Begin PBXFrameworksBuildPhase section */
		382AAAA9211E5C4A007F7FC5 /* Frameworks */ = {
			isa = PBXFrameworksBuildPhase;
			buildActionMask = 2147483647;
			files = (
			);
			runOnlyForDeploymentPostprocessing = 0;
		};
		382AAAC8211F9E99007F7FC5 /* Frameworks */ = {
			isa = PBXFrameworksBuildPhase;
			buildActionMask = 2147483647;
			files = (
			);
			runOnlyForDeploymentPostprocessing = 0;
		};
/* End PBXFrameworksBuildPhase section */

/* Begin PBXGroup section */
		382AAAA3211E5C4A007F7FC5 = {
			isa = PBXGroup;
			children = (
				382AAAAE211E5C4A007F7FC5 /* Window Shopper */,
				382AAACC211F9E99007F7FC5 /* Window ShopperTests */,
				382AAAAD211E5C4A007F7FC5 /* Products */,
			);
			sourceTree = "<group>";
		};
		382AAAAD211E5C4A007F7FC5 /* Products */ = {
			isa = PBXGroup;
			children = (
				382AAAAC211E5C4A007F7FC5 /* Window Shopper.app */,
				382AAACB211F9E99007F7FC5 /* Window ShopperTests.xctest */,
			);
			name = Products;
			sourceTree = "<group>";
		};
		382AAAAE211E5C4A007F7FC5 /* Window Shopper */ = {
			isa = PBXGroup;
			children = (
				382AAAC3211F852C007F7FC5 /* Controller */,
				382AAAC4211F8634007F7FC5 /* Views */,
				382AAAD5211F9EA8007F7FC5 /* Model */,
				382AAAAF211E5C4A007F7FC5 /* AppDelegate.swift */,
				382AAAB3211E5C4A007F7FC5 /* Main.storyboard */,
				382AAAC1211F8489007F7FC5 /* Assets.xcassets */,
				382AAAB8211E5C4B007F7FC5 /* LaunchScreen.storyboard */,
				382AAABB211E5C4B007F7FC5 /* Info.plist */,
			);
			path = "Window Shopper";
			sourceTree = "<group>";
		};
		382AAAC3211F852C007F7FC5 /* Controller */ = {
			isa = PBXGroup;
			children = (
				382AAAB1211E5C4A007F7FC5 /* MainVC.swift */,
			);
			path = Controller;
			sourceTree = "<group>";
		};
		382AAAC4211F8634007F7FC5 /* Views */ = {
			isa = PBXGroup;
			children = (
				382AAAC5211F8658007F7FC5 /* CurrencyTextField.swift */,
			);
			path = Views;
			sourceTree = "<group>";
		};
		382AAACC211F9E99007F7FC5 /* Window ShopperTests */ = {
			isa = PBXGroup;
			children = (
				382AAACD211F9E99007F7FC5 /* Window_ShopperTests.swift */,
				382AAACF211F9E9A007F7FC5 /* Info.plist */,
			);
			path = "Window ShopperTests";
			sourceTree = "<group>";
		};
		382AAAD5211F9EA8007F7FC5 /* Model */ = {
			isa = PBXGroup;
			children = (
				382AAAD6211F9EBD007F7FC5 /* Wage.swift */,
			);
			path = Model;
			sourceTree = "<group>";
		};
/* End PBXGroup section */

/* Begin PBXNativeTarget section */
		382AAAAB211E5C4A007F7FC5 /* Window Shopper */ = {
			isa = PBXNativeTarget;
			buildConfigurationList = 382AAABE211E5C4B007F7FC5 /* Build configuration list for PBXNativeTarget "Window Shopper" */;
			buildPhases = (
				382AAAA8211E5C4A007F7FC5 /* Sources */,
				382AAAA9211E5C4A007F7FC5 /* Frameworks */,
				382AAAAA211E5C4A007F7FC5 /* Resources */,
			);
			buildRules = (
			);
			dependencies = (
			);
			name = "Window Shopper";
			productName = "Window Shopper";
			productReference = 382AAAAC211E5C4A007F7FC5 /* Window Shopper.app */;
			productType = "com.apple.product-type.application";
		};
		382AAACA211F9E99007F7FC5 /* Window ShopperTests */ = {
			isa = PBXNativeTarget;
			buildConfigurationList = 382AAAD2211F9E9A007F7FC5 /* Build configuration list for PBXNativeTarget "Window ShopperTests" */;
			buildPhases = (
				382AAAC7211F9E99007F7FC5 /* Sources */,
				382AAAC8211F9E99007F7FC5 /* Frameworks */,
				382AAAC9211F9E99007F7FC5 /* Resources */,
			);
			buildRules = (
			);
			dependencies = (
				382AAAD1211F9E9A007F7FC5 /* PBXTargetDependency */,
			);
			name = "Window ShopperTests";
			productName = "Window ShopperTests";
			productReference = 382AAACB211F9E99007F7FC5 /* Window ShopperTests.xctest */;
			productType = "com.apple.product-type.bundle.unit-test";
		};
/* End PBXNativeTarget section */

/* Begin PBXProject section */
		382AAAA4211E5C4A007F7FC5 /* Project object */ = {
			isa = PBXProject;
			attributes = {
				LastSwiftUpdateCheck = 0940;
				LastUpgradeCheck = 0940;
				ORGANIZATIONNAME = Devslopes;
				TargetAttributes = {
					382AAAAB211E5C4A007F7FC5 = {
						CreatedOnToolsVersion = 9.4.1;
					};
					382AAACA211F9E99007F7FC5 = {
						CreatedOnToolsVersion = 9.4.1;
						TestTargetID = 382AAAAB211E5C4A007F7FC5;
					};
				};
			};
			buildConfigurationList = 382AAAA7211E5C4A007F7FC5 /* Build configuration list for PBXProject "Window Shopper" */;
			compatibilityVersion = "Xcode 9.3";
			developmentRegion = en;
			hasScannedForEncodings = 0;
			knownRegions = (
				en,
				Base,
			);
			mainGroup = 382AAAA3211E5C4A007F7FC5;
			productRefGroup = 382AAAAD211E5C4A007F7FC5 /* Products */;
			projectDirPath = "";
			projectRoot = "";
			targets = (
				382AAAAB211E5C4A007F7FC5 /* Window Shopper */,
				382AAACA211F9E99007F7FC5 /* Window ShopperTests */,
			);
		};
/* End PBXProject section */

/* Begin PBXResourcesBuildPhase section */
		382AAAAA211E5C4A007F7FC5 /* Resources */ = {
			isa = PBXResourcesBuildPhase;
			buildActionMask = 2147483647;
			files = (
				382AAABA211E5C4B007F7FC5 /* LaunchScreen.storyboard in Resources */,
				382AAAC2211F8489007F7FC5 /* Assets.xcassets in Resources */,
				382AAAB5211E5C4A007F7FC5 /* Main.storyboard in Resources */,
			);
			runOnlyForDeploymentPostprocessing = 0;
		};
		382AAAC9211F9E99007F7FC5 /* Resources */ = {
			isa = PBXResourcesBuildPhase;
			buildActionMask = 2147483647;
			files = (
			);
			runOnlyForDeploymentPostprocessing = 0;
		};
/* End PBXResourcesBuildPhase section */

/* Begin PBXSourcesBuildPhase section */
		382AAAA8211E5C4A007F7FC5 /* Sources */ = {
			isa = PBXSourcesBuildPhase;
			buildActionMask = 2147483647;
			files = (
				382AAAC6211F8658007F7FC5 /* CurrencyTextField.swift in Sources */,
				382AAAD7211F9EBE007F7FC5 /* Wage.swift in Sources */,
				382AAAB2211E5C4A007F7FC5 /* MainVC.swift in Sources */,
				382AAAB0211E5C4A007F7FC5 /* AppDelegate.swift in Sources */,
			);
			runOnlyForDeploymentPostprocessing = 0;
		};
		382AAAC7211F9E99007F7FC5 /* Sources */ = {
			isa = PBXSourcesBuildPhase;
			buildActionMask = 2147483647;
			files = (
				382AAACE211F9E99007F7FC5 /* Window_ShopperTests.swift in Sources */,
				382AAAD8211F9FF5007F7FC5 /* Wage.swift in Sources */,
			);
			runOnlyForDeploymentPostprocessing = 0;
		};
/* End PBXSourcesBuildPhase section */

/* Begin PBXTargetDependency section */
		382AAAD1211F9E9A007F7FC5 /* PBXTargetDependency */ = {
			isa = PBXTargetDependency;
			target = 382AAAAB211E5C4A007F7FC5 /* Window Shopper */;
			targetProxy = 382AAAD0211F9E9A007F7FC5 /* PBXContainerItemProxy */;
		};
/* End PBXTargetDependency section */

/* Begin PBXVariantGroup section */
		382AAAB3211E5C4A007F7FC5 /* Main.storyboard */ = {
			isa = PBXVariantGroup;
			children = (
				382AAAB4211E5C4A007F7FC5 /* Base */,
			);
			name = Main.storyboard;
			sourceTree = "<group>";
		};
		382AAAB8211E5C4B007F7FC5 /* LaunchScreen.storyboard */ = {
			isa = PBXVariantGroup;
			children = (
				382AAAB9211E5C4B007F7FC5 /* Base */,
			);
			name = LaunchScreen.storyboard;
			sourceTree = "<group>";
		};
/* End PBXVariantGroup section */

/* Begin XCBuildConfiguration section */
		382AAABC211E5C4B007F7FC5 /* Debug */ = {
			isa = XCBuildConfiguration;
			buildSettings = {
				ALWAYS_SEARCH_USER_PATHS = NO;
				CLANG_ANALYZER_NONNULL = YES;
				CLANG_ANALYZER_NUMBER_OBJECT_CONVERSION = YES_AGGRESSIVE;
				CLANG_CXX_LANGUAGE_STANDARD = "gnu++14";
				CLANG_CXX_LIBRARY = "libc++";
				CLANG_ENABLE_MODULES = YES;
				CLANG_ENABLE_OBJC_ARC = YES;
				CLANG_ENABLE_OBJC_WEAK = YES;
				CLANG_WARN_BLOCK_CAPTURE_AUTORELEASING = YES;
				CLANG_WARN_BOOL_CONVERSION = YES;
				CLANG_WARN_COMMA = YES;
				CLANG_WARN_CONSTANT_CONVERSION = YES;
				CLANG_WARN_DEPRECATED_OBJC_IMPLEMENTATIONS = YES;
				CLANG_WARN_DIRECT_OBJC_ISA_USAGE = YES_ERROR;
				CLANG_WARN_DOCUMENTATION_COMMENTS = YES;
				CLANG_WARN_EMPTY_BODY = YES;
				CLANG_WARN_ENUM_CONVERSION = YES;
				CLANG_WARN_INFINITE_RECURSION = YES;
				CLANG_WARN_INT_CONVERSION = YES;
				CLANG_WARN_NON_LITERAL_NULL_CONVERSION = YES;
				CLANG_WARN_OBJC_IMPLICIT_RETAIN_SELF = YES;
				CLANG_WARN_OBJC_LITERAL_CONVERSION = YES;
				CLANG_WARN_OBJC_ROOT_CLASS = YES_ERROR;
				CLANG_WARN_RANGE_LOOP_ANALYSIS = YES;
				CLANG_WARN_STRICT_PROTOTYPES = YES;
				CLANG_WARN_SUSPICIOUS_MOVE = YES;
				CLANG_WARN_UNGUARDED_AVAILABILITY = YES_AGGRESSIVE;
				CLANG_WARN_UNREACHABLE_CODE = YES;
				CLANG_WARN__DUPLICATE_METHOD_MATCH = YES;
				CODE_SIGN_IDENTITY = "iPhone Developer";
				COPY_PHASE_STRIP = NO;
				DEBUG_INFORMATION_FORMAT = dwarf;
				ENABLE_STRICT_OBJC_MSGSEND = YES;
				ENABLE_TESTABILITY = YES;
				GCC_C_LANGUAGE_STANDARD = gnu11;
				GCC_DYNAMIC_NO_PIC = NO;
				GCC_NO_COMMON_BLOCKS = YES;
				GCC_OPTIMIZATION_LEVEL = 0;
				GCC_PREPROCESSOR_DEFINITIONS = (
					"DEBUG=1",
					"$(inherited)",
				);
				GCC_WARN_64_TO_32_BIT_CONVERSION = YES;
				GCC_WARN_ABOUT_RETURN_TYPE = YES_ERROR;
				GCC_WARN_UNDECLARED_SELECTOR = YES;
				GCC_WARN_UNINITIALIZED_AUTOS = YES_AGGRESSIVE;
				GCC_WARN_UNUSED_FUNCTION = YES;
				GCC_WARN_UNUSED_VARIABLE = YES;
				IPHONEOS_DEPLOYMENT_TARGET = 11.4;
				MTL_ENABLE_DEBUG_INFO = YES;
				ONLY_ACTIVE_ARCH = YES;
				SDKROOT = iphoneos;
				SWIFT_ACTIVE_COMPILATION_CONDITIONS = DEBUG;
				SWIFT_OPTIMIZATION_LEVEL = "-Onone";
			};
			name = Debug;
		};
		382AAABD211E5C4B007F7FC5 /* Release */ = {
			isa = XCBuildConfiguration;
			buildSettings = {
				ALWAYS_SEARCH_USER_PATHS = NO;
				CLANG_ANALYZER_NONNULL = YES;
				CLANG_ANALYZER_NUMBER_OBJECT_CONVERSION = YES_AGGRESSIVE;
				CLANG_CXX_LANGUAGE_STANDARD = "gnu++14";
				CLANG_CXX_LIBRARY = "libc++";
				CLANG_ENABLE_MODULES = YES;
				CLANG_ENABLE_OBJC_ARC = YES;
				CLANG_ENABLE_OBJC_WEAK = YES;
				CLANG_WARN_BLOCK_CAPTURE_AUTORELEASING = YES;
				CLANG_WARN_BOOL_CONVERSION = YES;
				CLANG_WARN_COMMA = YES;
				CLANG_WARN_CONSTANT_CONVERSION = YES;
				CLANG_WARN_DEPRECATED_OBJC_IMPLEMENTATIONS = YES;
				CLANG_WARN_DIRECT_OBJC_ISA_USAGE = YES_ERROR;
				CLANG_WARN_DOCUMENTATION_COMMENTS = YES;
				CLANG_WARN_EMPTY_BODY = YES;
				CLANG_WARN_ENUM_CONVERSION = YES;
				CLANG_WARN_INFINITE_RECURSION = YES;
				CLANG_WARN_INT_CONVERSION = YES;
				CLANG_WARN_NON_LITERAL_NULL_CONVERSION = YES;
				CLANG_WARN_OBJC_IMPLICIT_RETAIN_SELF = YES;
				CLANG_WARN_OBJC_LITERAL_CONVERSION = YES;
				CLANG_WARN_OBJC_ROOT_CLASS = YES_ERROR;
				CLANG_WARN_RANGE_LOOP_ANALYSIS = YES;
				CLANG_WARN_STRICT_PROTOTYPES = YES;
				CLANG_WARN_SUSPICIOUS_MOVE = YES;
				CLANG_WARN_UNGUARDED_AVAILABILITY = YES_AGGRESSIVE;
				CLANG_WARN_UNREACHABLE_CODE = YES;
				CLANG_WARN__DUPLICATE_METHOD_MATCH = YES;
				CODE_SIGN_IDENTITY = "iPhone Developer";
				COPY_PHASE_STRIP = NO;
				DEBUG_INFORMATION_FORMAT = "dwarf-with-dsym";
				ENABLE_NS_ASSERTIONS = NO;
				ENABLE_STRICT_OBJC_MSGSEND = YES;
				GCC_C_LANGUAGE_STANDARD = gnu11;
				GCC_NO_COMMON_BLOCKS = YES;
				GCC_WARN_64_TO_32_BIT_CONVERSION = YES;
				GCC_WARN_ABOUT_RETURN_TYPE = YES_ERROR;
				GCC_WARN_UNDECLARED_SELECTOR = YES;
				GCC_WARN_UNINITIALIZED_AUTOS = YES_AGGRESSIVE;
				GCC_WARN_UNUSED_FUNCTION = YES;
				GCC_WARN_UNUSED_VARIABLE = YES;
				IPHONEOS_DEPLOYMENT_TARGET = 11.4;
				MTL_ENABLE_DEBUG_INFO = NO;
				SDKROOT = iphoneos;
				SWIFT_COMPILATION_MODE = wholemodule;
				SWIFT_OPTIMIZATION_LEVEL = "-O";
				VALIDATE_PRODUCT = YES;
			};
			name = Release;
		};
		382AAABF211E5C4B007F7FC5 /* Debug */ = {
			isa = XCBuildConfiguration;
			buildSettings = {
				ASSETCATALOG_COMPILER_APPICON_NAME = AppIcon;
				CODE_SIGN_STYLE = Automatic;
				DEVELOPMENT_TEAM = S2V96BB45E;
				INFOPLIST_FILE = "Window Shopper/Info.plist";
				LD_RUNPATH_SEARCH_PATHS = (
					"$(inherited)",
					"@executable_path/Frameworks",
				);
				PRODUCT_BUNDLE_IDENTIFIER = "com.EricAndersen.Window-Shopper";
				PRODUCT_NAME = "$(TARGET_NAME)";
				SWIFT_VERSION = 4.0;
				TARGETED_DEVICE_FAMILY = "1,2";
			};
			name = Debug;
		};
		382AAAC0211E5C4B007F7FC5 /* Release */ = {
			isa = XCBuildConfiguration;
			buildSettings = {
				ASSETCATALOG_COMPILER_APPICON_NAME = AppIcon;
				CODE_SIGN_STYLE = Automatic;
				DEVELOPMENT_TEAM = S2V96BB45E;
				INFOPLIST_FILE = "Window Shopper/Info.plist";
				LD_RUNPATH_SEARCH_PATHS = (
					"$(inherited)",
					"@executable_path/Frameworks",
				);
				PRODUCT_BUNDLE_IDENTIFIER = "com.EricAndersen.Window-Shopper";
				PRODUCT_NAME = "$(TARGET_NAME)";
				SWIFT_VERSION = 4.0;
				TARGETED_DEVICE_FAMILY = "1,2";
			};
			name = Release;
		};
		382AAAD3211F9E9A007F7FC5 /* Debug */ = {
			isa = XCBuildConfiguration;
			buildSettings = {
				BUNDLE_LOADER = "$(TEST_HOST)";
				CODE_SIGN_STYLE = Automatic;
				DEVELOPMENT_TEAM = S2V96BB45E;
				INFOPLIST_FILE = "Window ShopperTests/Info.plist";
				LD_RUNPATH_SEARCH_PATHS = (
					"$(inherited)",
					"@executable_path/Frameworks",
					"@loader_path/Frameworks",
				);
				PRODUCT_BUNDLE_IDENTIFIER = "com.EricAndersen.Window-ShopperTests";
				PRODUCT_NAME = "$(TARGET_NAME)";
				SWIFT_VERSION = 4.0;
				TARGETED_DEVICE_FAMILY = "1,2";
				TEST_HOST = "$(BUILT_PRODUCTS_DIR)/Window Shopper.app/Window Shopper";
			};
			name = Debug;
		};
		382AAAD4211F9E9A007F7FC5 /* Release */ = {
			isa = XCBuildConfiguration;
			buildSettings = {
				BUNDLE_LOADER = "$(TEST_HOST)";
				CODE_SIGN_STYLE = Automatic;
				DEVELOPMENT_TEAM = S2V96BB45E;
				INFOPLIST_FILE = "Window ShopperTests/Info.plist";
				LD_RUNPATH_SEARCH_PATHS = (
					"$(inherited)",
					"@executable_path/Frameworks",
					"@loader_path/Frameworks",
				);
				PRODUCT_BUNDLE_IDENTIFIER = "com.EricAndersen.Window-ShopperTests";
				PRODUCT_NAME = "$(TARGET_NAME)";
				SWIFT_VERSION = 4.0;
				TARGETED_DEVICE_FAMILY = "1,2";
				TEST_HOST = "$(BUILT_PRODUCTS_DIR)/Window Shopper.app/Window Shopper";
			};
			name = Release;
		};
/* End XCBuildConfiguration section */

/* Begin XCConfigurationList section */
		382AAAA7211E5C4A007F7FC5 /* Build configuration list for PBXProject "Window Shopper" */ = {
			isa = XCConfigurationList;
			buildConfigurations = (
				382AAABC211E5C4B007F7FC5 /* Debug */,
				382AAABD211E5C4B007F7FC5 /* Release */,
			);
			defaultConfigurationIsVisible = 0;
			defaultConfigurationName = Release;
		};
		382AAABE211E5C4B007F7FC5 /* Build configuration list for PBXNativeTarget "Window Shopper" */ = {
			isa = XCConfigurationList;
			buildConfigurations = (
				382AAABF211E5C4B007F7FC5 /* Debug */,
				382AAAC0211E5C4B007F7FC5 /* Release */,
			);
			defaultConfigurationIsVisible = 0;
			defaultConfigurationName = Release;
		};
		382AAAD2211F9E9A007F7FC5 /* Build configuration list for PBXNativeTarget "Window ShopperTests" */ = {
			isa = XCConfigurationList;
			buildConfigurations = (
				382AAAD3211F9E9A007F7FC5 /* Debug */,
				382AAAD4211F9E9A007F7FC5 /* Release */,
			);
			defaultConfigurationIsVisible = 0;
			defaultConfigurationName = Release;
		};
/* End XCConfigurationList section */
	};
	rootObject = 382AAAA4211E5C4A007F7FC5 /* Project object */;
}
